
Microsoft Visual Studio Solution File, Format Version 12.00
# Visual Studio Version 16
VisualStudioVersion = 16.0.30428.66
MinimumVisualStudioVersion = 10.0.40219.1
Project("{9A19103F-16F7-4668-BE54-9A1E7A4F7556}") = "PowerPointToOBSSceneSwitcher", "PowerPointToOBSSceneSwitcher.csproj", "{8A844363-5A92-403B-90CD-BFCB30ED5054}"
EndProject
Project("{FAE04EC0-301F-11D3-BF4B-00C04F79EFBC}") = "PresentationObsSceneSwitcher", "PresentationObsSceneSwitcher\PresentationObsSceneSwitcher\PresentationObsSceneSwitcher.csproj", "{5B07EF15-11D6-4646-8322-965BD7D4ADEE}"
EndProject
Global
	GlobalSection(SolutionConfigurationPlatforms) = preSolution
		Debug|Any CPU = Debug|Any CPU
		Release|Any CPU = Release|Any CPU
	EndGlobalSection
	GlobalSection(ProjectConfigurationPlatforms) = postSolution
		{8A844363-5A92-403B-90CD-BFCB30ED5054}.Debug|Any CPU.ActiveCfg = Debug|Any CPU
		{8A844363-5A92-403B-90CD-BFCB30ED5054}.Debug|Any CPU.Build.0 = Debug|Any CPU
		{8A844363-5A92-403B-90CD-BFCB30ED5054}.Release|Any CPU.ActiveCfg = Release|Any CPU
		{8A844363-5A92-403B-90CD-BFCB30ED5054}.Release|Any CPU.Build.0 = Release|Any CPU
		{5B07EF15-11D6-4646-8322-965BD7D4ADEE}.Debug|Any CPU.ActiveCfg = Debug|Any CPU
		{5B07EF15-11D6-4646-8322-965BD7D4ADEE}.Debug|Any CPU.Build.0 = Debug|Any CPU
		{5B07EF15-11D6-4646-8322-965BD7D4ADEE}.Release|Any CPU.ActiveCfg = Release|Any CPU
		{5B07EF15-11D6-4646-8322-965BD7D4ADEE}.Release|Any CPU.Build.0 = Release|Any CPU
	EndGlobalSection
	GlobalSection(SolutionProperties) = preSolution
		HideSolutionNode = FALSE
	EndGlobalSection
	GlobalSection(ExtensibilityGlobals) = postSolution
		SolutionGuid = {515C02C0-0CF2-4890-A1FB-4D6A5F115CD6}
	EndGlobalSection
EndGlobal
